# THIS IS AN AUTOGENERATED FILE. DO NOT EDIT THIS FILE DIRECTLY.
# yarn lockfile v1


react-hook-form@^7.33.1:
  version "7.33.1"
  resolved "https://registry.yarnpkg.com/react-hook-form/-/react-hook-form-7.33.1.tgz#8c4410e3420788d3b804d62cc4c142915c2e46d0"
  integrity sha512-ydTfTxEJdvgjCZBj5DDXRc58oTEfnFupEwwTAQ9FSKzykEJkX+3CiAkGtAMiZG7IPWHuzgT6AOBfogiKhUvKgg==
